
Microsoft Visual Studio Solution File, Format Version 11.00
# Visual Studio 2010
Project("{FAE04EC0-301F-11D3-BF4B-00C04F79EFBC}") = "BowlingGame", "BowlingGame\BowlingGame.csproj", "{B3BD0F52-A52A-44CA-B058-0EF6FC43AA9A}"
EndProject
Project("{FAE04EC0-301F-11D3-BF4B-00C04F79EFBC}") = "BowlingGame.Tests", "BowlingGame.Tests\BowlingGame.Tests.csproj", "{9FD2D13E-905A-4C83-88B0-2A0248D26F86}"
EndProject
Global
	GlobalSection(SolutionConfigurationPlatforms) = preSolution
		Debug|Any CPU = Debug|Any CPU
		Release|Any CPU = Release|Any CPU
	EndGlobalSection
	GlobalSection(ProjectConfigurationPlatforms) = postSolution
		{B3BD0F52-A52A-44CA-B058-0EF6FC43AA9A}.Debug|Any CPU.ActiveCfg = Debug|Any CPU
		{B3BD0F52-A52A-44CA-B058-0EF6FC43AA9A}.Debug|Any CPU.Build.0 = Debug|Any CPU
		{B3BD0F52-A52A-44CA-B058-0EF6FC43AA9A}.Release|Any CPU.ActiveCfg = Release|Any CPU
		{B3BD0F52-A52A-44CA-B058-0EF6FC43AA9A}.Release|Any CPU.Build.0 = Release|Any CPU
		{9FD2D13E-905A-4C83-88B0-2A0248D26F86}.Debug|Any CPU.ActiveCfg = Debug|Any CPU
		{9FD2D13E-905A-4C83-88B0-2A0248D26F86}.Debug|Any CPU.Build.0 = Debug|Any CPU
		{9FD2D13E-905A-4C83-88B0-2A0248D26F86}.Release|Any CPU.ActiveCfg = Release|Any CPU
		{9FD2D13E-905A-4C83-88B0-2A0248D26F86}.Release|Any CPU.Build.0 = Release|Any CPU
	EndGlobalSection
	GlobalSection(SolutionProperties) = preSolution
		HideSolutionNode = FALSE
	EndGlobalSection
EndGlobal
